
Microsoft Visual Studio Solution File, Format Version 12.00
# Visual Studio 15
VisualStudioVersion = 15.0.27703.2047
MinimumVisualStudioVersion = 10.0.40219.1
Project("{FAE04EC0-301F-11D3-BF4B-00C04F79EFBC}") = "NugetProject", "NugetProject\NugetProject.csproj", "{5472F730-8280-4A6D-98DF-BF7F83A18E99}"
EndProject
Project("{FAE04EC0-301F-11D3-BF4B-00C04F79EFBC}") = "DllConsumer", "DllConsumer\DllConsumer.csproj", "{364E39AC-D8FE-4289-9E4F-5702E12E7C4D}"
EndProject
Project("{FAE04EC0-301F-11D3-BF4B-00C04F79EFBC}") = "NugetConsumer", "NugetConsumer\NugetConsumer.csproj", "{7C09D713-BDBA-497F-B98E-F275FDA86B78}"
EndProject
Global
	GlobalSection(SolutionConfigurationPlatforms) = preSolution
		Debug|Any CPU = Debug|Any CPU
		Release|Any CPU = Release|Any CPU
	EndGlobalSection
	GlobalSection(ProjectConfigurationPlatforms) = postSolution
		{5472F730-8280-4A6D-98DF-BF7F83A18E99}.Debug|Any CPU.ActiveCfg = Debug|Any CPU
		{5472F730-8280-4A6D-98DF-BF7F83A18E99}.Debug|Any CPU.Build.0 = Debug|Any CPU
		{5472F730-8280-4A6D-98DF-BF7F83A18E99}.Release|Any CPU.ActiveCfg = Release|Any CPU
		{5472F730-8280-4A6D-98DF-BF7F83A18E99}.Release|Any CPU.Build.0 = Release|Any CPU
		{364E39AC-D8FE-4289-9E4F-5702E12E7C4D}.Debug|Any CPU.ActiveCfg = Debug|Any CPU
		{364E39AC-D8FE-4289-9E4F-5702E12E7C4D}.Debug|Any CPU.Build.0 = Debug|Any CPU
		{364E39AC-D8FE-4289-9E4F-5702E12E7C4D}.Release|Any CPU.ActiveCfg = Release|Any CPU
		{364E39AC-D8FE-4289-9E4F-5702E12E7C4D}.Release|Any CPU.Build.0 = Release|Any CPU
		{7C09D713-BDBA-497F-B98E-F275FDA86B78}.Debug|Any CPU.ActiveCfg = Debug|Any CPU
		{7C09D713-BDBA-497F-B98E-F275FDA86B78}.Debug|Any CPU.Build.0 = Debug|Any CPU
		{7C09D713-BDBA-497F-B98E-F275FDA86B78}.Release|Any CPU.ActiveCfg = Release|Any CPU
		{7C09D713-BDBA-497F-B98E-F275FDA86B78}.Release|Any CPU.Build.0 = Release|Any CPU
	EndGlobalSection
	GlobalSection(SolutionProperties) = preSolution
		HideSolutionNode = FALSE
	EndGlobalSection
	GlobalSection(ExtensibilityGlobals) = postSolution
		SolutionGuid = {A1439761-5077-4583-AD23-52169397A0E0}
	EndGlobalSection
EndGlobal
